
Microsoft Visual Studio Solution File, Format Version 12.00
# Visual Studio 15
VisualStudioVersion = 15.0.28307.645
MinimumVisualStudioVersion = 10.0.40219.1
Project("{FAE04EC0-301F-11D3-BF4B-00C04F79EFBC}") = "jenkinsDemo2", "jenkinsDemo2\jenkinsDemo2.csproj", "{644714B6-BED9-43A8-BCFC-73ECDC482023}"
EndProject
Global
	GlobalSection(SolutionConfigurationPlatforms) = preSolution
		Debug|Any CPU = Debug|Any CPU
		Release|Any CPU = Release|Any CPU
	EndGlobalSection
	GlobalSection(ProjectConfigurationPlatforms) = postSolution
		{644714B6-BED9-43A8-BCFC-73ECDC482023}.Debug|Any CPU.ActiveCfg = Debug|Any CPU
		{644714B6-BED9-43A8-BCFC-73ECDC482023}.Debug|Any CPU.Build.0 = Debug|Any CPU
		{644714B6-BED9-43A8-BCFC-73ECDC482023}.Release|Any CPU.ActiveCfg = Release|Any CPU
		{644714B6-BED9-43A8-BCFC-73ECDC482023}.Release|Any CPU.Build.0 = Release|Any CPU
	EndGlobalSection
	GlobalSection(SolutionProperties) = preSolution
		HideSolutionNode = FALSE
	EndGlobalSection
	GlobalSection(ExtensibilityGlobals) = postSolution
		SolutionGuid = {DC1430F7-3817-46D4-85BB-0EA42FC29DDF}
	EndGlobalSection
EndGlobal
